
Microsoft Visual Studio Solution File, Format Version 12.00
# Visual Studio Version 16
VisualStudioVersion = 16.0.30503.244
MinimumVisualStudioVersion = 10.0.40219.1
Project("{FAE04EC0-301F-11D3-BF4B-00C04F79EFBC}") = "ShoesApp", "ShoesApp\ShoesApp.csproj", "{1C554774-570D-4BAF-9293-6CDEEBC12CD0}"
EndProject
Global
	GlobalSection(SolutionConfigurationPlatforms) = preSolution
		Debug|Any CPU = Debug|Any CPU
		Release|Any CPU = Release|Any CPU
	EndGlobalSection
	GlobalSection(ProjectConfigurationPlatforms) = postSolution
		{1C554774-570D-4BAF-9293-6CDEEBC12CD0}.Debug|Any CPU.ActiveCfg = Debug|Any CPU
		{1C554774-570D-4BAF-9293-6CDEEBC12CD0}.Debug|Any CPU.Build.0 = Debug|Any CPU
		{1C554774-570D-4BAF-9293-6CDEEBC12CD0}.Release|Any CPU.ActiveCfg = Release|Any CPU
		{1C554774-570D-4BAF-9293-6CDEEBC12CD0}.Release|Any CPU.Build.0 = Release|Any CPU
	EndGlobalSection
	GlobalSection(SolutionProperties) = preSolution
		HideSolutionNode = FALSE
	EndGlobalSection
	GlobalSection(ExtensibilityGlobals) = postSolution
		SolutionGuid = {34F8092E-659C-4712-868D-64CFF9E32FFB}
	EndGlobalSection
EndGlobal
